
Microsoft Visual Studio Solution File, Format Version 12.00
# Visual Studio Version 16
VisualStudioVersion = 16.0.31613.86
MinimumVisualStudioVersion = 10.0.40219.1
Project("{9A19103F-16F7-4668-BE54-9A1E7A4F7556}") = "SafraTestBackend.Api", "SafraTestBackend.Api\SafraTestBackend.Api.csproj", "{087439DC-67F4-48F0-B8BB-068E7CA20F46}"
EndProject
Project("{9A19103F-16F7-4668-BE54-9A1E7A4F7556}") = "SafraTestBackend.Business", "SafraTestBackend.Business\SafraTestBackend.Business.csproj", "{E36A442F-0547-4811-A0F8-A88F146C5DBE}"
EndProject
Project("{9A19103F-16F7-4668-BE54-9A1E7A4F7556}") = "SafraTestBackend.Data", "SafraTestBackend.Data\SafraTestBackend.Data.csproj", "{E7A22C23-5B3D-4B36-96D7-2A0415C5F8CD}"
EndProject
Project("{9A19103F-16F7-4668-BE54-9A1E7A4F7556}") = "SafraTestBackend.Domain", "SafraTestBackend.Domain\SafraTestBackend.Domain.csproj", "{7179096C-C14E-47F4-8582-A70BA0D0AA75}"
EndProject
Project("{FAE04EC0-301F-11D3-BF4B-00C04F79EFBC}") = "SafraTestBackend.Tests", "SafraTestBackend.Tests\SafraTestBackend.Tests.csproj", "{45B28362-28EC-4B76-BC67-D6908EC8775C}"
EndProject
Global
	GlobalSection(SolutionConfigurationPlatforms) = preSolution
		Debug|Any CPU = Debug|Any CPU
		Release|Any CPU = Release|Any CPU
	EndGlobalSection
	GlobalSection(ProjectConfigurationPlatforms) = postSolution
		{087439DC-67F4-48F0-B8BB-068E7CA20F46}.Debug|Any CPU.ActiveCfg = Debug|Any CPU
		{087439DC-67F4-48F0-B8BB-068E7CA20F46}.Debug|Any CPU.Build.0 = Debug|Any CPU
		{087439DC-67F4-48F0-B8BB-068E7CA20F46}.Release|Any CPU.ActiveCfg = Release|Any CPU
		{087439DC-67F4-48F0-B8BB-068E7CA20F46}.Release|Any CPU.Build.0 = Release|Any CPU
		{E36A442F-0547-4811-A0F8-A88F146C5DBE}.Debug|Any CPU.ActiveCfg = Debug|Any CPU
		{E36A442F-0547-4811-A0F8-A88F146C5DBE}.Debug|Any CPU.Build.0 = Debug|Any CPU
		{E36A442F-0547-4811-A0F8-A88F146C5DBE}.Release|Any CPU.ActiveCfg = Release|Any CPU
		{E36A442F-0547-4811-A0F8-A88F146C5DBE}.Release|Any CPU.Build.0 = Release|Any CPU
		{E7A22C23-5B3D-4B36-96D7-2A0415C5F8CD}.Debug|Any CPU.ActiveCfg = Debug|Any CPU
		{E7A22C23-5B3D-4B36-96D7-2A0415C5F8CD}.Debug|Any CPU.Build.0 = Debug|Any CPU
		{E7A22C23-5B3D-4B36-96D7-2A0415C5F8CD}.Release|Any CPU.ActiveCfg = Release|Any CPU
		{E7A22C23-5B3D-4B36-96D7-2A0415C5F8CD}.Release|Any CPU.Build.0 = Release|Any CPU
		{7179096C-C14E-47F4-8582-A70BA0D0AA75}.Debug|Any CPU.ActiveCfg = Debug|Any CPU
		{7179096C-C14E-47F4-8582-A70BA0D0AA75}.Debug|Any CPU.Build.0 = Debug|Any CPU
		{7179096C-C14E-47F4-8582-A70BA0D0AA75}.Release|Any CPU.ActiveCfg = Release|Any CPU
		{7179096C-C14E-47F4-8582-A70BA0D0AA75}.Release|Any CPU.Build.0 = Release|Any CPU
		{45B28362-28EC-4B76-BC67-D6908EC8775C}.Debug|Any CPU.ActiveCfg = Debug|Any CPU
		{45B28362-28EC-4B76-BC67-D6908EC8775C}.Debug|Any CPU.Build.0 = Debug|Any CPU
		{45B28362-28EC-4B76-BC67-D6908EC8775C}.Release|Any CPU.ActiveCfg = Release|Any CPU
		{45B28362-28EC-4B76-BC67-D6908EC8775C}.Release|Any CPU.Build.0 = Release|Any CPU
	EndGlobalSection
	GlobalSection(SolutionProperties) = preSolution
		HideSolutionNode = FALSE
	EndGlobalSection
	GlobalSection(ExtensibilityGlobals) = postSolution
		SolutionGuid = {463F10A6-325D-45EC-BEEF-B122A49556DE}
	EndGlobalSection
EndGlobal
